PODS:
  - Alamofire (5.6.2)
  - GooglePlaces (5.1.0)
  - iProgressHUD (1.1.1)
  - SDWebImage (5.13.4):
    - SDWebImage/Core (= 5.13.4)
  - SDWebImage/Core (5.13.4)
  - SwiftKeychainWrapper (4.0.1)

DEPENDENCIES:
  - Alamofire
  - GooglePlaces
  - iProgressHUD
  - SDWebImage
  - SwiftKeychainWrapper

SPEC REPOS:
  trunk:
    - Alamofire
    - GooglePlaces
    - iProgressHUD
    - SDWebImage
    - SwiftKeychainWrapper

SPEC CHECKSUMS:
  Alamofire: d368e1ff8a298e6dde360e35a3e68e6c610e7204
  GooglePlaces: c57cd5aa7e91d10fa5106c792de74f3bd6436260
  iProgressHUD: caa742128253c97f2c2e1ec59e2bbe6cf689df6a
  SDWebImage: e5cc87bf736e60f49592f307bdf9e157189298a3
  SwiftKeychainWrapper: 807ba1d63c33a7d0613288512399cd1eda1e470c

PODFILE CHECKSUM: a1cfec9ae4b9750a2a7586dcbd48a675170e5d2d

COCOAPODS: 1.11.3
